
Microsoft Visual Studio Solution File, Format Version 12.00
Project("{FAE04EC0-301F-11D3-BF4B-00C04F79EFBC}") = "OOCMoveSpeedBoost", "OOCMoveSpeedBoost.csproj", "{DA83C533-544E-4A4C-8104-CB0DF3129635}"
EndProject
Global
	GlobalSection(SolutionConfigurationPlatforms) = preSolution
		Debug|Any CPU = Debug|Any CPU
		Release|Any CPU = Release|Any CPU
	EndGlobalSection
	GlobalSection(ProjectConfigurationPlatforms) = postSolution
		{DA83C533-544E-4A4C-8104-CB0DF3129635}.Debug|Any CPU.ActiveCfg = Debug|Any CPU
		{DA83C533-544E-4A4C-8104-CB0DF3129635}.Debug|Any CPU.Build.0 = Debug|Any CPU
		{DA83C533-544E-4A4C-8104-CB0DF3129635}.Release|Any CPU.ActiveCfg = Release|Any CPU
		{DA83C533-544E-4A4C-8104-CB0DF3129635}.Release|Any CPU.Build.0 = Release|Any CPU
	EndGlobalSection
EndGlobal
